{
  "meteor": {},
  "dependencies": {
    "basePackages": {
      "bookshelf": {
        "path": ".."
      }
    },
    "packages": {
      "bookshelf": {
        "path": ".."
      },
      "postgresql": {
        "git": "https://github.com/austinrivas/meteor-postgresql",
        "tag": "v2.11.2",
        "commit": "b5f682486e5fa03c94c30fc36043a24d31d31745"
      }
    }
  }
}
